Microsoft Visual Studio Solution File, Format Version 11.00
# Visual Studio 2008

Project("{41279945-9CAA-5276-3C73-BBDBA78BF101}") = "pokewars", "Assembly-CSharp.csproj", "{2447673E-5BA2-B691-03AD-DF6CD6025E46}"
EndProject
Global
	GlobalSection(SolutionConfigurationPlatforms) = preSolution
		Debug|Any CPU = Debug|Any CPU
		Release|Any CPU = Release|Any CPU
	EndGlobalSection
	GlobalSection(ProjectConfigurationPlatforms) = postSolution
		{2447673E-5BA2-B691-03AD-DF6CD6025E46}.Debug|Any CPU.ActiveCfg = Debug|Any CPU
		{2447673E-5BA2-B691-03AD-DF6CD6025E46}.Debug|Any CPU.Build.0 = Debug|Any CPU
		{2447673E-5BA2-B691-03AD-DF6CD6025E46}.Release|Any CPU.ActiveCfg = Release|Any CPU
		{2447673E-5BA2-B691-03AD-DF6CD6025E46}.Release|Any CPU.Build.0 = Release|Any CPU
	EndGlobalSection
	GlobalSection(SolutionProperties) = preSolution
		HideSolutionNode = FALSE
	EndGlobalSection
	GlobalSection(MonoDevelopProperties) = preSolution
		StartupItem = Assembly-CSharp.csproj
	EndGlobalSection
EndGlobal
